lockfileVersion: '9.0'

settings:
  autoInstallPeers: true
  excludeLinksFromLockfile: false

importers:

  .:
    devDependencies:
      '@hyperupcall/prettier-config':
        specifier: ^0.6.0
        version: 0.6.0
      prettier:
        specifier: ^3.0.1
        version: 3.5.3

  pack-decoration-base: {}

  pack-decoration-core: {}

  pack-decoration-icons: {}

  pack-decoration-product-icons: {}

  pack-decoration-syntax: {}

  pack-decoration-themes: {}

  pack-ecosystem-all: {}

  pack-ecosystem-cpp: {}

  pack-ecosystem-devops: {}

  pack-ecosystem-go: {}

  pack-ecosystem-java: {}

  pack-ecosystem-latex: {}

  pack-ecosystem-markdown: {}

  pack-ecosystem-other: {}

  pack-ecosystem-php: {}

  pack-ecosystem-python: {}

  pack-ecosystem-ruby: {}

  pack-ecosystem-rust: {}

  pack-ecosystem-web: {}

  pack-platform-unix: {}

  pack-platform-windows: {}

packages:

  '@hyperupcall/prettier-config@0.6.0':
    resolution: {integrity: sha512-nAJ+/9eZ4pnc/zVi3GvIE1hWIUjopr7iCaTQstW4hGeL8XjnUPMGz9Pn97PDqAWyDieQ8TT4PM+IILwaWFtBiQ==}

  prettier@3.5.3:
    resolution: {integrity: sha512-QQtaxnoDJeAkDvDKWCLiwIXkTgRhwYDEQCghU9Z6q03iyek/rxRh/2lC3HB7P8sWT2xC/y5JDctPLBIGzHKbhw==}
    engines: {node: '>=14'}
    hasBin: true

snapshots:

  '@hyperupcall/prettier-config@0.6.0': {}

  prettier@3.5.3: {}
