lockfileVersion: '6.0'

settings:
  autoInstallPeers: true
  excludeLinksFromLockfile: false

importers:

  .: {}

  decoration-packs/vscode-hyperupcall-pack-base: {}

  decoration-packs/vscode-hyperupcall-pack-core: {}

  decoration-packs/vscode-hyperupcall-pack-icons: {}

  decoration-packs/vscode-hyperupcall-pack-product-icons: {}

  decoration-packs/vscode-hyperupcall-pack-syntax: {}

  decoration-packs/vscode-hyperupcall-pack-themes: {}

  ecosystem-packs/vscode-hyperupcall-pack-cpp: {}

  ecosystem-packs/vscode-hyperupcall-pack-devops: {}

  ecosystem-packs/vscode-hyperupcall-pack-go: {}

  ecosystem-packs/vscode-hyperupcall-pack-java: {}

  ecosystem-packs/vscode-hyperupcall-pack-markdown: {}

  ecosystem-packs/vscode-hyperupcall-pack-other: {}

  ecosystem-packs/vscode-hyperupcall-pack-php: {}

  ecosystem-packs/vscode-hyperupcall-pack-python: {}

  ecosystem-packs/vscode-hyperupcall-pack-ruby: {}

  ecosystem-packs/vscode-hyperupcall-pack-rust: {}

  ecosystem-packs/vscode-hyperupcall-pack-web: {}

  platform-packs/vscode-hyperupcall-pack-unix: {}

  platform-packs/vscode-hyperupcall-pack-windows: {}
