lockfileVersion: '9.0'

settings:
  autoInstallPeers: true
  excludeLinksFromLockfile: false

importers:

  .:
    devDependencies:
      '@hyperupcall/prettier-config':
        specifier: ^0.9.1
        version: 0.9.1
      prettier:
        specifier: ^3.5.3
        version: 3.5.3

  pack-decoration-base: {}

  pack-decoration-core: {}

  pack-decoration-icons: {}

  pack-decoration-product-icons: {}

  pack-decoration-syntax: {}

  pack-decoration-themes: {}

  pack-ecosystem-all: {}

  pack-ecosystem-cpp: {}

  pack-ecosystem-devops: {}

  pack-ecosystem-go: {}

  pack-ecosystem-java: {}

  pack-ecosystem-latex: {}

  pack-ecosystem-markdown: {}

  pack-ecosystem-other: {}

  pack-ecosystem-php: {}

  pack-ecosystem-python: {}

  pack-ecosystem-ruby: {}

  pack-ecosystem-rust: {}

  pack-ecosystem-web: {}

  pack-platform-unix: {}

  pack-platform-windows: {}

packages:

  '@hyperupcall/config-utils@0.4.0':
    resolution: {integrity: sha512-EhKjgJChTmd/yplvqno7r3b13US0u0QzBxUCEyQ4jqKm/gSl2eYD3XlbnVGLjFzf8pg72cf3DwSg6Cy7G4Q6ag==}

  '@hyperupcall/prettier-config@0.9.1':
    resolution: {integrity: sha512-PTHQ6Hd2YKE1RbWgpAOJg1kI83Alx2ULFJZU+eMhr59DUbgezwFyQUkXw+aVCbSQjFCEF7C/frNW5oyz3G5rXA==}

  prettier@3.5.3:
    resolution: {integrity: sha512-QQtaxnoDJeAkDvDKWCLiwIXkTgRhwYDEQCghU9Z6q03iyek/rxRh/2lC3HB7P8sWT2xC/y5JDctPLBIGzHKbhw==}
    engines: {node: '>=14'}
    hasBin: true

snapshots:

  '@hyperupcall/config-utils@0.4.0': {}

  '@hyperupcall/prettier-config@0.9.1':
    dependencies:
      '@hyperupcall/config-utils': 0.4.0

  prettier@3.5.3: {}
